
Microsoft Visual Studio Solution File, Format Version 12.00
# Visual Studio Version 16
VisualStudioVersion = 16.0.29613.14
MinimumVisualStudioVersion = 10.0.40219.1
Project("{9A19103F-16F7-4668-BE54-9A1E7A4F7556}") = "Chan-UI", "Chan-UI\Chan-UI.csproj", "{104E0250-02A6-4755-ACB5-156D23A07682}"
EndProject
Project("{FAE04EC0-301F-11D3-BF4B-00C04F79EFBC}") = "Framework", "Framework\Framework.csproj", "{7CFCB191-AB82-4490-AA78-B5419CF69E3A}"
EndProject
Project("{FAE04EC0-301F-11D3-BF4B-00C04F79EFBC}") = "Infrastructure", "Infrastructure\Infrastructure.csproj", "{3178B220-5A09-4B88-A416-2831718368D4}"
EndProject
Global
	GlobalSection(SolutionConfigurationPlatforms) = preSolution
		Debug|Any CPU = Debug|Any CPU
		Release|Any CPU = Release|Any CPU
	EndGlobalSection
	GlobalSection(ProjectConfigurationPlatforms) = postSolution
		{104E0250-02A6-4755-ACB5-156D23A07682}.Debug|Any CPU.ActiveCfg = Debug|Any CPU
		{104E0250-02A6-4755-ACB5-156D23A07682}.Debug|Any CPU.Build.0 = Debug|Any CPU
		{104E0250-02A6-4755-ACB5-156D23A07682}.Release|Any CPU.ActiveCfg = Release|Any CPU
		{104E0250-02A6-4755-ACB5-156D23A07682}.Release|Any CPU.Build.0 = Release|Any CPU
		{7CFCB191-AB82-4490-AA78-B5419CF69E3A}.Debug|Any CPU.ActiveCfg = Debug|Any CPU
		{7CFCB191-AB82-4490-AA78-B5419CF69E3A}.Debug|Any CPU.Build.0 = Debug|Any CPU
		{7CFCB191-AB82-4490-AA78-B5419CF69E3A}.Release|Any CPU.ActiveCfg = Release|Any CPU
		{7CFCB191-AB82-4490-AA78-B5419CF69E3A}.Release|Any CPU.Build.0 = Release|Any CPU
		{3178B220-5A09-4B88-A416-2831718368D4}.Debug|Any CPU.ActiveCfg = Debug|Any CPU
		{3178B220-5A09-4B88-A416-2831718368D4}.Debug|Any CPU.Build.0 = Debug|Any CPU
		{3178B220-5A09-4B88-A416-2831718368D4}.Release|Any CPU.ActiveCfg = Release|Any CPU
		{3178B220-5A09-4B88-A416-2831718368D4}.Release|Any CPU.Build.0 = Release|Any CPU
	EndGlobalSection
	GlobalSection(SolutionProperties) = preSolution
		HideSolutionNode = FALSE
	EndGlobalSection
	GlobalSection(ExtensibilityGlobals) = postSolution
		SolutionGuid = {831B263F-A12B-46D5-8CB8-EF9FF75DC3E8}
	EndGlobalSection
EndGlobal
